
Microsoft Visual Studio Solution File, Format Version 12.00
# Visual Studio 15
VisualStudioVersion = 15.0.26430.14
MinimumVisualStudioVersion = 10.0.40219.1
Project("{FAE04EC0-301F-11D3-BF4B-00C04F79EFBC}") = "Imageboard10", "Imageboard10\Imageboard10.csproj", "{E0A101CC-81B3-40FE-A753-A914F3692D4A}"
EndProject
Project("{2150E333-8FDC-42A3-9474-1A3956D46DE8}") = "Core", "Core", "{A9F45F7F-545C-46C1-A9BF-9323883F351B}"
EndProject
Project("{FAE04EC0-301F-11D3-BF4B-00C04F79EFBC}") = "Imageboard10.ModuleInterface", "Imageboard10.ModuleInterface\Imageboard10.ModuleInterface.csproj", "{62D7A5D8-0866-4199-8763-EF81096F4A71}"
EndProject
Project("{FAE04EC0-301F-11D3-BF4B-00C04F79EFBC}") = "Imageboard10.Core", "Imageboard10.Core\Imageboard10.Core.csproj", "{B9A32628-D7B6-4BDA-AFE6-47E4AC5AF95A}"
EndProject
Project("{2150E333-8FDC-42A3-9474-1A3956D46DE8}") = "Tests", "Tests", "{5D8E7F35-1398-4BC0-905C-B8C973386FDF}"
EndProject
Project("{FAE04EC0-301F-11D3-BF4B-00C04F79EFBC}") = "Imageboard10UnitTests", "Imageboard10UnitTests\Imageboard10UnitTests.csproj", "{0EBE938F-22AE-416C-94E6-B989DA79045D}"
EndProject
Project("{FAE04EC0-301F-11D3-BF4B-00C04F79EFBC}") = "Imageboard10.Core.Models", "Imageboard10.Core.Models\Imageboard10.Core.Models.csproj", "{66280A62-2409-4222-97A5-54DA49F9142F}"
EndProject
Project("{FAE04EC0-301F-11D3-BF4B-00C04F79EFBC}") = "Imageboard10.Core.ModelInterface", "Imageboard10.Core.ModelInterface\Imageboard10.Core.ModelInterface.csproj", "{78FBF320-EBBD-40A9-8F16-B45BFFF73AF1}"
EndProject
Project("{FAE04EC0-301F-11D3-BF4B-00C04F79EFBC}") = "Imageboard10.Core.NetworkInterface", "Imageboard10.Core.NetworkInterface\Imageboard10.Core.NetworkInterface.csproj", "{59F08002-21BA-4913-A6CD-697C982BE20E}"
EndProject
Project("{FAE04EC0-301F-11D3-BF4B-00C04F79EFBC}") = "Imageboard10.Core.Database", "Imageboard10.Core.Database\Imageboard10.Core.Database.csproj", "{1AF1FA9E-1BDB-41CB-9CCC-08A5BC5033E7}"
EndProject
Project("{FAE04EC0-301F-11D3-BF4B-00C04F79EFBC}") = "Imageboard10.Core.ModelStorage", "Imageboard10.Core.ModelStorage\Imageboard10.Core.ModelStorage.csproj", "{2B270150-995D-40E7-A201-EF542CF8B39D}"
EndProject
Project("{2150E333-8FDC-42A3-9474-1A3956D46DE8}") = "Makaba", "Makaba", "{44A03434-27F5-4D8F-A8E2-D7A0C4A27E2B}"
EndProject
Project("{FAE04EC0-301F-11D3-BF4B-00C04F79EFBC}") = "Imageboard10.Makaba.Network", "Imageboard10.Makaba.Network\Imageboard10.Makaba.Network.csproj", "{7B5FF96B-051A-41BB-9A95-FF08AC1AA88C}"
EndProject
Project("{FAE04EC0-301F-11D3-BF4B-00C04F79EFBC}") = "Imageboard10.Core.Network", "Imageboard10.Core.Network\Imageboard10.Core.Network.csproj", "{357B09C0-3CF7-4B1B-A245-3DF0B6337EF7}"
EndProject
Project("{FAE04EC0-301F-11D3-BF4B-00C04F79EFBC}") = "Imageboard10.Makaba.Common", "Imageboard10.Makaba.Common\Imageboard10.Makaba.Common.csproj", "{89829E34-005C-462D-8969-041FBA3AACF0}"
EndProject
Project("{FAE04EC0-301F-11D3-BF4B-00C04F79EFBC}") = "Imageboard10.Makaba.Models", "Imageboard10.Makaba.Models\Imageboard10.Makaba.Models.csproj", "{8932F030-917A-462D-B9AA-E2ABBA5BE892}"
EndProject
Project("{FAE04EC0-301F-11D3-BF4B-00C04F79EFBC}") = "Imageboard10.Core.CrossDeviceInterface", "Imageboard10.Core.CrossDeviceInterface\Imageboard10.Core.CrossDeviceInterface.csproj", "{5DAAB447-21F3-4468-B89F-72606A9AF166}"
EndProject
Project("{FAE04EC0-301F-11D3-BF4B-00C04F79EFBC}") = "Imageboard10PerformanceTests", "Imageboard10PerformanceTests\Imageboard10PerformanceTests.csproj", "{31AFA455-CA0A-4183-AAEC-EB74C01DE200}"
EndProject
Global
	GlobalSection(SolutionConfigurationPlatforms) = preSolution
		Debug|Any CPU = Debug|Any CPU
		Debug|ARM = Debug|ARM
		Debug|x64 = Debug|x64
		Debug|x86 = Debug|x86
		Release|Any CPU = Release|Any CPU
		Release|ARM = Release|ARM
		Release|x64 = Release|x64
		Release|x86 = Release|x86
	EndGlobalSection
	GlobalSection(ProjectConfigurationPlatforms) = postSolution
		{E0A101CC-81B3-40FE-A753-A914F3692D4A}.Debug|Any CPU.ActiveCfg = Debug|x86
		{E0A101CC-81B3-40FE-A753-A914F3692D4A}.Debug|ARM.ActiveCfg = Debug|ARM
		{E0A101CC-81B3-40FE-A753-A914F3692D4A}.Debug|ARM.Build.0 = Debug|ARM
		{E0A101CC-81B3-40FE-A753-A914F3692D4A}.Debug|ARM.Deploy.0 = Debug|ARM
		{E0A101CC-81B3-40FE-A753-A914F3692D4A}.Debug|x64.ActiveCfg = Debug|x64
		{E0A101CC-81B3-40FE-A753-A914F3692D4A}.Debug|x64.Build.0 = Debug|x64
		{E0A101CC-81B3-40FE-A753-A914F3692D4A}.Debug|x64.Deploy.0 = Debug|x64
		{E0A101CC-81B3-40FE-A753-A914F3692D4A}.Debug|x86.ActiveCfg = Debug|x86
		{E0A101CC-81B3-40FE-A753-A914F3692D4A}.Debug|x86.Build.0 = Debug|x86
		{E0A101CC-81B3-40FE-A753-A914F3692D4A}.Debug|x86.Deploy.0 = Debug|x86
		{E0A101CC-81B3-40FE-A753-A914F3692D4A}.Release|Any CPU.ActiveCfg = Release|x86
		{E0A101CC-81B3-40FE-A753-A914F3692D4A}.Release|ARM.ActiveCfg = Release|ARM
		{E0A101CC-81B3-40FE-A753-A914F3692D4A}.Release|ARM.Build.0 = Release|ARM
		{E0A101CC-81B3-40FE-A753-A914F3692D4A}.Release|ARM.Deploy.0 = Release|ARM
		{E0A101CC-81B3-40FE-A753-A914F3692D4A}.Release|x64.ActiveCfg = Release|x64
		{E0A101CC-81B3-40FE-A753-A914F3692D4A}.Release|x64.Build.0 = Release|x64
		{E0A101CC-81B3-40FE-A753-A914F3692D4A}.Release|x64.Deploy.0 = Release|x64
		{E0A101CC-81B3-40FE-A753-A914F3692D4A}.Release|x86.ActiveCfg = Release|x86
		{E0A101CC-81B3-40FE-A753-A914F3692D4A}.Release|x86.Build.0 = Release|x86
		{E0A101CC-81B3-40FE-A753-A914F3692D4A}.Release|x86.Deploy.0 = Release|x86
		{62D7A5D8-0866-4199-8763-EF81096F4A71}.Debug|Any CPU.ActiveCfg = Debug|Any CPU
		{62D7A5D8-0866-4199-8763-EF81096F4A71}.Debug|Any CPU.Build.0 = Debug|Any CPU
		{62D7A5D8-0866-4199-8763-EF81096F4A71}.Debug|ARM.ActiveCfg = Debug|ARM
		{62D7A5D8-0866-4199-8763-EF81096F4A71}.Debug|ARM.Build.0 = Debug|ARM
		{62D7A5D8-0866-4199-8763-EF81096F4A71}.Debug|x64.ActiveCfg = Debug|x64
		{62D7A5D8-0866-4199-8763-EF81096F4A71}.Debug|x64.Build.0 = Debug|x64
		{62D7A5D8-0866-4199-8763-EF81096F4A71}.Debug|x86.ActiveCfg = Debug|x86
		{62D7A5D8-0866-4199-8763-EF81096F4A71}.Debug|x86.Build.0 = Debug|x86
		{62D7A5D8-0866-4199-8763-EF81096F4A71}.Release|Any CPU.ActiveCfg = Release|Any CPU
		{62D7A5D8-0866-4199-8763-EF81096F4A71}.Release|Any CPU.Build.0 = Release|Any CPU
		{62D7A5D8-0866-4199-8763-EF81096F4A71}.Release|ARM.ActiveCfg = Release|ARM
		{62D7A5D8-0866-4199-8763-EF81096F4A71}.Release|ARM.Build.0 = Release|ARM
		{62D7A5D8-0866-4199-8763-EF81096F4A71}.Release|x64.ActiveCfg = Release|x64
		{62D7A5D8-0866-4199-8763-EF81096F4A71}.Release|x64.Build.0 = Release|x64
		{62D7A5D8-0866-4199-8763-EF81096F4A71}.Release|x86.ActiveCfg = Release|x86
		{62D7A5D8-0866-4199-8763-EF81096F4A71}.Release|x86.Build.0 = Release|x86
		{B9A32628-D7B6-4BDA-AFE6-47E4AC5AF95A}.Debug|Any CPU.ActiveCfg = Debug|Any CPU
		{B9A32628-D7B6-4BDA-AFE6-47E4AC5AF95A}.Debug|Any CPU.Build.0 = Debug|Any CPU
		{B9A32628-D7B6-4BDA-AFE6-47E4AC5AF95A}.Debug|ARM.ActiveCfg = Debug|ARM
		{B9A32628-D7B6-4BDA-AFE6-47E4AC5AF95A}.Debug|ARM.Build.0 = Debug|ARM
		{B9A32628-D7B6-4BDA-AFE6-47E4AC5AF95A}.Debug|x64.ActiveCfg = Debug|x64
		{B9A32628-D7B6-4BDA-AFE6-47E4AC5AF95A}.Debug|x64.Build.0 = Debug|x64
		{B9A32628-D7B6-4BDA-AFE6-47E4AC5AF95A}.Debug|x86.ActiveCfg = Debug|x86
		{B9A32628-D7B6-4BDA-AFE6-47E4AC5AF95A}.Debug|x86.Build.0 = Debug|x86
		{B9A32628-D7B6-4BDA-AFE6-47E4AC5AF95A}.Release|Any CPU.ActiveCfg = Release|Any CPU
		{B9A32628-D7B6-4BDA-AFE6-47E4AC5AF95A}.Release|Any CPU.Build.0 = Release|Any CPU
		{B9A32628-D7B6-4BDA-AFE6-47E4AC5AF95A}.Release|ARM.ActiveCfg = Release|ARM
		{B9A32628-D7B6-4BDA-AFE6-47E4AC5AF95A}.Release|ARM.Build.0 = Release|ARM
		{B9A32628-D7B6-4BDA-AFE6-47E4AC5AF95A}.Release|x64.ActiveCfg = Release|x64
		{B9A32628-D7B6-4BDA-AFE6-47E4AC5AF95A}.Release|x64.Build.0 = Release|x64
		{B9A32628-D7B6-4BDA-AFE6-47E4AC5AF95A}.Release|x86.ActiveCfg = Release|x86
		{B9A32628-D7B6-4BDA-AFE6-47E4AC5AF95A}.Release|x86.Build.0 = Release|x86
		{0EBE938F-22AE-416C-94E6-B989DA79045D}.Debug|Any CPU.ActiveCfg = Debug|x86
		{0EBE938F-22AE-416C-94E6-B989DA79045D}.Debug|ARM.ActiveCfg = Debug|ARM
		{0EBE938F-22AE-416C-94E6-B989DA79045D}.Debug|ARM.Build.0 = Debug|ARM
		{0EBE938F-22AE-416C-94E6-B989DA79045D}.Debug|ARM.Deploy.0 = Debug|ARM
		{0EBE938F-22AE-416C-94E6-B989DA79045D}.Debug|x64.ActiveCfg = Debug|x64
		{0EBE938F-22AE-416C-94E6-B989DA79045D}.Debug|x64.Build.0 = Debug|x64
		{0EBE938F-22AE-416C-94E6-B989DA79045D}.Debug|x64.Deploy.0 = Debug|x64
		{0EBE938F-22AE-416C-94E6-B989DA79045D}.Debug|x86.ActiveCfg = Debug|x86
		{0EBE938F-22AE-416C-94E6-B989DA79045D}.Debug|x86.Build.0 = Debug|x86
		{0EBE938F-22AE-416C-94E6-B989DA79045D}.Debug|x86.Deploy.0 = Debug|x86
		{0EBE938F-22AE-416C-94E6-B989DA79045D}.Release|Any CPU.ActiveCfg = Release|x86
		{0EBE938F-22AE-416C-94E6-B989DA79045D}.Release|ARM.ActiveCfg = Release|ARM
		{0EBE938F-22AE-416C-94E6-B989DA79045D}.Release|ARM.Build.0 = Release|ARM
		{0EBE938F-22AE-416C-94E6-B989DA79045D}.Release|ARM.Deploy.0 = Release|ARM
		{0EBE938F-22AE-416C-94E6-B989DA79045D}.Release|x64.ActiveCfg = Release|x64
		{0EBE938F-22AE-416C-94E6-B989DA79045D}.Release|x64.Build.0 = Release|x64
		{0EBE938F-22AE-416C-94E6-B989DA79045D}.Release|x64.Deploy.0 = Release|x64
		{0EBE938F-22AE-416C-94E6-B989DA79045D}.Release|x86.ActiveCfg = Release|x86
		{0EBE938F-22AE-416C-94E6-B989DA79045D}.Release|x86.Build.0 = Release|x86
		{0EBE938F-22AE-416C-94E6-B989DA79045D}.Release|x86.Deploy.0 = Release|x86
		{66280A62-2409-4222-97A5-54DA49F9142F}.Debug|Any CPU.ActiveCfg = Debug|Any CPU
		{66280A62-2409-4222-97A5-54DA49F9142F}.Debug|Any CPU.Build.0 = Debug|Any CPU
		{66280A62-2409-4222-97A5-54DA49F9142F}.Debug|ARM.ActiveCfg = Debug|ARM
		{66280A62-2409-4222-97A5-54DA49F9142F}.Debug|ARM.Build.0 = Debug|ARM
		{66280A62-2409-4222-97A5-54DA49F9142F}.Debug|x64.ActiveCfg = Debug|x64
		{66280A62-2409-4222-97A5-54DA49F9142F}.Debug|x64.Build.0 = Debug|x64
		{66280A62-2409-4222-97A5-54DA49F9142F}.Debug|x86.ActiveCfg = Debug|x86
		{66280A62-2409-4222-97A5-54DA49F9142F}.Debug|x86.Build.0 = Debug|x86
		{66280A62-2409-4222-97A5-54DA49F9142F}.Release|Any CPU.ActiveCfg = Release|Any CPU
		{66280A62-2409-4222-97A5-54DA49F9142F}.Release|Any CPU.Build.0 = Release|Any CPU
		{66280A62-2409-4222-97A5-54DA49F9142F}.Release|ARM.ActiveCfg = Release|ARM
		{66280A62-2409-4222-97A5-54DA49F9142F}.Release|ARM.Build.0 = Release|ARM
		{66280A62-2409-4222-97A5-54DA49F9142F}.Release|x64.ActiveCfg = Release|x64
		{66280A62-2409-4222-97A5-54DA49F9142F}.Release|x64.Build.0 = Release|x64
		{66280A62-2409-4222-97A5-54DA49F9142F}.Release|x86.ActiveCfg = Release|x86
		{66280A62-2409-4222-97A5-54DA49F9142F}.Release|x86.Build.0 = Release|x86
		{78FBF320-EBBD-40A9-8F16-B45BFFF73AF1}.Debug|Any CPU.ActiveCfg = Debug|Any CPU
		{78FBF320-EBBD-40A9-8F16-B45BFFF73AF1}.Debug|Any CPU.Build.0 = Debug|Any CPU
		{78FBF320-EBBD-40A9-8F16-B45BFFF73AF1}.Debug|ARM.ActiveCfg = Debug|ARM
		{78FBF320-EBBD-40A9-8F16-B45BFFF73AF1}.Debug|ARM.Build.0 = Debug|ARM
		{78FBF320-EBBD-40A9-8F16-B45BFFF73AF1}.Debug|x64.ActiveCfg = Debug|x64
		{78FBF320-EBBD-40A9-8F16-B45BFFF73AF1}.Debug|x64.Build.0 = Debug|x64
		{78FBF320-EBBD-40A9-8F16-B45BFFF73AF1}.Debug|x86.ActiveCfg = Debug|x86
		{78FBF320-EBBD-40A9-8F16-B45BFFF73AF1}.Debug|x86.Build.0 = Debug|x86
		{78FBF320-EBBD-40A9-8F16-B45BFFF73AF1}.Release|Any CPU.ActiveCfg = Release|Any CPU
		{78FBF320-EBBD-40A9-8F16-B45BFFF73AF1}.Release|Any CPU.Build.0 = Release|Any CPU
		{78FBF320-EBBD-40A9-8F16-B45BFFF73AF1}.Release|ARM.ActiveCfg = Release|ARM
		{78FBF320-EBBD-40A9-8F16-B45BFFF73AF1}.Release|ARM.Build.0 = Release|ARM
		{78FBF320-EBBD-40A9-8F16-B45BFFF73AF1}.Release|x64.ActiveCfg = Release|x64
		{78FBF320-EBBD-40A9-8F16-B45BFFF73AF1}.Release|x64.Build.0 = Release|x64
		{78FBF320-EBBD-40A9-8F16-B45BFFF73AF1}.Release|x86.ActiveCfg = Release|x86
		{78FBF320-EBBD-40A9-8F16-B45BFFF73AF1}.Release|x86.Build.0 = Release|x86
		{59F08002-21BA-4913-A6CD-697C982BE20E}.Debug|Any CPU.ActiveCfg = Debug|Any CPU
		{59F08002-21BA-4913-A6CD-697C982BE20E}.Debug|Any CPU.Build.0 = Debug|Any CPU
		{59F08002-21BA-4913-A6CD-697C982BE20E}.Debug|ARM.ActiveCfg = Debug|ARM
		{59F08002-21BA-4913-A6CD-697C982BE20E}.Debug|ARM.Build.0 = Debug|ARM
		{59F08002-21BA-4913-A6CD-697C982BE20E}.Debug|x64.ActiveCfg = Debug|x64
		{59F08002-21BA-4913-A6CD-697C982BE20E}.Debug|x64.Build.0 = Debug|x64
		{59F08002-21BA-4913-A6CD-697C982BE20E}.Debug|x86.ActiveCfg = Debug|x86
		{59F08002-21BA-4913-A6CD-697C982BE20E}.Debug|x86.Build.0 = Debug|x86
		{59F08002-21BA-4913-A6CD-697C982BE20E}.Release|Any CPU.ActiveCfg = Release|Any CPU
		{59F08002-21BA-4913-A6CD-697C982BE20E}.Release|Any CPU.Build.0 = Release|Any CPU
		{59F08002-21BA-4913-A6CD-697C982BE20E}.Release|ARM.ActiveCfg = Release|ARM
		{59F08002-21BA-4913-A6CD-697C982BE20E}.Release|ARM.Build.0 = Release|ARM
		{59F08002-21BA-4913-A6CD-697C982BE20E}.Release|x64.ActiveCfg = Release|x64
		{59F08002-21BA-4913-A6CD-697C982BE20E}.Release|x64.Build.0 = Release|x64
		{59F08002-21BA-4913-A6CD-697C982BE20E}.Release|x86.ActiveCfg = Release|x86
		{59F08002-21BA-4913-A6CD-697C982BE20E}.Release|x86.Build.0 = Release|x86
		{1AF1FA9E-1BDB-41CB-9CCC-08A5BC5033E7}.Debug|Any CPU.ActiveCfg = Debug|Any CPU
		{1AF1FA9E-1BDB-41CB-9CCC-08A5BC5033E7}.Debug|Any CPU.Build.0 = Debug|Any CPU
		{1AF1FA9E-1BDB-41CB-9CCC-08A5BC5033E7}.Debug|ARM.ActiveCfg = Debug|ARM
		{1AF1FA9E-1BDB-41CB-9CCC-08A5BC5033E7}.Debug|ARM.Build.0 = Debug|ARM
		{1AF1FA9E-1BDB-41CB-9CCC-08A5BC5033E7}.Debug|x64.ActiveCfg = Debug|x64
		{1AF1FA9E-1BDB-41CB-9CCC-08A5BC5033E7}.Debug|x64.Build.0 = Debug|x64
		{1AF1FA9E-1BDB-41CB-9CCC-08A5BC5033E7}.Debug|x86.ActiveCfg = Debug|x86
		{1AF1FA9E-1BDB-41CB-9CCC-08A5BC5033E7}.Debug|x86.Build.0 = Debug|x86
		{1AF1FA9E-1BDB-41CB-9CCC-08A5BC5033E7}.Release|Any CPU.ActiveCfg = Release|Any CPU
		{1AF1FA9E-1BDB-41CB-9CCC-08A5BC5033E7}.Release|Any CPU.Build.0 = Release|Any CPU
		{1AF1FA9E-1BDB-41CB-9CCC-08A5BC5033E7}.Release|ARM.ActiveCfg = Release|ARM
		{1AF1FA9E-1BDB-41CB-9CCC-08A5BC5033E7}.Release|ARM.Build.0 = Release|ARM
		{1AF1FA9E-1BDB-41CB-9CCC-08A5BC5033E7}.Release|x64.ActiveCfg = Release|x64
		{1AF1FA9E-1BDB-41CB-9CCC-08A5BC5033E7}.Release|x64.Build.0 = Release|x64
		{1AF1FA9E-1BDB-41CB-9CCC-08A5BC5033E7}.Release|x86.ActiveCfg = Release|x86
		{1AF1FA9E-1BDB-41CB-9CCC-08A5BC5033E7}.Release|x86.Build.0 = Release|x86
		{2B270150-995D-40E7-A201-EF542CF8B39D}.Debug|Any CPU.ActiveCfg = Debug|Any CPU
		{2B270150-995D-40E7-A201-EF542CF8B39D}.Debug|Any CPU.Build.0 = Debug|Any CPU
		{2B270150-995D-40E7-A201-EF542CF8B39D}.Debug|ARM.ActiveCfg = Debug|ARM
		{2B270150-995D-40E7-A201-EF542CF8B39D}.Debug|ARM.Build.0 = Debug|ARM
		{2B270150-995D-40E7-A201-EF542CF8B39D}.Debug|x64.ActiveCfg = Debug|x64
		{2B270150-995D-40E7-A201-EF542CF8B39D}.Debug|x64.Build.0 = Debug|x64
		{2B270150-995D-40E7-A201-EF542CF8B39D}.Debug|x86.ActiveCfg = Debug|x86
		{2B270150-995D-40E7-A201-EF542CF8B39D}.Debug|x86.Build.0 = Debug|x86
		{2B270150-995D-40E7-A201-EF542CF8B39D}.Release|Any CPU.ActiveCfg = Release|Any CPU
		{2B270150-995D-40E7-A201-EF542CF8B39D}.Release|Any CPU.Build.0 = Release|Any CPU
		{2B270150-995D-40E7-A201-EF542CF8B39D}.Release|ARM.ActiveCfg = Release|ARM
		{2B270150-995D-40E7-A201-EF542CF8B39D}.Release|ARM.Build.0 = Release|ARM
		{2B270150-995D-40E7-A201-EF542CF8B39D}.Release|x64.ActiveCfg = Release|x64
		{2B270150-995D-40E7-A201-EF542CF8B39D}.Release|x64.Build.0 = Release|x64
		{2B270150-995D-40E7-A201-EF542CF8B39D}.Release|x86.ActiveCfg = Release|x86
		{2B270150-995D-40E7-A201-EF542CF8B39D}.Release|x86.Build.0 = Release|x86
		{7B5FF96B-051A-41BB-9A95-FF08AC1AA88C}.Debug|Any CPU.ActiveCfg = Debug|Any CPU
		{7B5FF96B-051A-41BB-9A95-FF08AC1AA88C}.Debug|Any CPU.Build.0 = Debug|Any CPU
		{7B5FF96B-051A-41BB-9A95-FF08AC1AA88C}.Debug|ARM.ActiveCfg = Debug|ARM
		{7B5FF96B-051A-41BB-9A95-FF08AC1AA88C}.Debug|ARM.Build.0 = Debug|ARM
		{7B5FF96B-051A-41BB-9A95-FF08AC1AA88C}.Debug|x64.ActiveCfg = Debug|x64
		{7B5FF96B-051A-41BB-9A95-FF08AC1AA88C}.Debug|x64.Build.0 = Debug|x64
		{7B5FF96B-051A-41BB-9A95-FF08AC1AA88C}.Debug|x86.ActiveCfg = Debug|x86
		{7B5FF96B-051A-41BB-9A95-FF08AC1AA88C}.Debug|x86.Build.0 = Debug|x86
		{7B5FF96B-051A-41BB-9A95-FF08AC1AA88C}.Release|Any CPU.ActiveCfg = Release|Any CPU
		{7B5FF96B-051A-41BB-9A95-FF08AC1AA88C}.Release|Any CPU.Build.0 = Release|Any CPU
		{7B5FF96B-051A-41BB-9A95-FF08AC1AA88C}.Release|ARM.ActiveCfg = Release|ARM
		{7B5FF96B-051A-41BB-9A95-FF08AC1AA88C}.Release|ARM.Build.0 = Release|ARM
		{7B5FF96B-051A-41BB-9A95-FF08AC1AA88C}.Release|x64.ActiveCfg = Release|x64
		{7B5FF96B-051A-41BB-9A95-FF08AC1AA88C}.Release|x64.Build.0 = Release|x64
		{7B5FF96B-051A-41BB-9A95-FF08AC1AA88C}.Release|x86.ActiveCfg = Release|x86
		{7B5FF96B-051A-41BB-9A95-FF08AC1AA88C}.Release|x86.Build.0 = Release|x86
		{357B09C0-3CF7-4B1B-A245-3DF0B6337EF7}.Debug|Any CPU.ActiveCfg = Debug|Any CPU
		{357B09C0-3CF7-4B1B-A245-3DF0B6337EF7}.Debug|Any CPU.Build.0 = Debug|Any CPU
		{357B09C0-3CF7-4B1B-A245-3DF0B6337EF7}.Debug|ARM.ActiveCfg = Debug|ARM
		{357B09C0-3CF7-4B1B-A245-3DF0B6337EF7}.Debug|ARM.Build.0 = Debug|ARM
		{357B09C0-3CF7-4B1B-A245-3DF0B6337EF7}.Debug|x64.ActiveCfg = Debug|x64
		{357B09C0-3CF7-4B1B-A245-3DF0B6337EF7}.Debug|x64.Build.0 = Debug|x64
		{357B09C0-3CF7-4B1B-A245-3DF0B6337EF7}.Debug|x86.ActiveCfg = Debug|x86
		{357B09C0-3CF7-4B1B-A245-3DF0B6337EF7}.Debug|x86.Build.0 = Debug|x86
		{357B09C0-3CF7-4B1B-A245-3DF0B6337EF7}.Release|Any CPU.ActiveCfg = Release|Any CPU
		{357B09C0-3CF7-4B1B-A245-3DF0B6337EF7}.Release|Any CPU.Build.0 = Release|Any CPU
		{357B09C0-3CF7-4B1B-A245-3DF0B6337EF7}.Release|ARM.ActiveCfg = Release|ARM
		{357B09C0-3CF7-4B1B-A245-3DF0B6337EF7}.Release|ARM.Build.0 = Release|ARM
		{357B09C0-3CF7-4B1B-A245-3DF0B6337EF7}.Release|x64.ActiveCfg = Release|x64
		{357B09C0-3CF7-4B1B-A245-3DF0B6337EF7}.Release|x64.Build.0 = Release|x64
		{357B09C0-3CF7-4B1B-A245-3DF0B6337EF7}.Release|x86.ActiveCfg = Release|x86
		{357B09C0-3CF7-4B1B-A245-3DF0B6337EF7}.Release|x86.Build.0 = Release|x86
		{89829E34-005C-462D-8969-041FBA3AACF0}.Debug|Any CPU.ActiveCfg = Debug|Any CPU
		{89829E34-005C-462D-8969-041FBA3AACF0}.Debug|Any CPU.Build.0 = Debug|Any CPU
		{89829E34-005C-462D-8969-041FBA3AACF0}.Debug|ARM.ActiveCfg = Debug|ARM
		{89829E34-005C-462D-8969-041FBA3AACF0}.Debug|ARM.Build.0 = Debug|ARM
		{89829E34-005C-462D-8969-041FBA3AACF0}.Debug|x64.ActiveCfg = Debug|x64
		{89829E34-005C-462D-8969-041FBA3AACF0}.Debug|x64.Build.0 = Debug|x64
		{89829E34-005C-462D-8969-041FBA3AACF0}.Debug|x86.ActiveCfg = Debug|x86
		{89829E34-005C-462D-8969-041FBA3AACF0}.Debug|x86.Build.0 = Debug|x86
		{89829E34-005C-462D-8969-041FBA3AACF0}.Release|Any CPU.ActiveCfg = Release|Any CPU
		{89829E34-005C-462D-8969-041FBA3AACF0}.Release|Any CPU.Build.0 = Release|Any CPU
		{89829E34-005C-462D-8969-041FBA3AACF0}.Release|ARM.ActiveCfg = Release|ARM
		{89829E34-005C-462D-8969-041FBA3AACF0}.Release|ARM.Build.0 = Release|ARM
		{89829E34-005C-462D-8969-041FBA3AACF0}.Release|x64.ActiveCfg = Release|x64
		{89829E34-005C-462D-8969-041FBA3AACF0}.Release|x64.Build.0 = Release|x64
		{89829E34-005C-462D-8969-041FBA3AACF0}.Release|x86.ActiveCfg = Release|x86
		{89829E34-005C-462D-8969-041FBA3AACF0}.Release|x86.Build.0 = Release|x86
		{8932F030-917A-462D-B9AA-E2ABBA5BE892}.Debug|Any CPU.ActiveCfg = Debug|Any CPU
		{8932F030-917A-462D-B9AA-E2ABBA5BE892}.Debug|Any CPU.Build.0 = Debug|Any CPU
		{8932F030-917A-462D-B9AA-E2ABBA5BE892}.Debug|ARM.ActiveCfg = Debug|ARM
		{8932F030-917A-462D-B9AA-E2ABBA5BE892}.Debug|ARM.Build.0 = Debug|ARM
		{8932F030-917A-462D-B9AA-E2ABBA5BE892}.Debug|x64.ActiveCfg = Debug|x64
		{8932F030-917A-462D-B9AA-E2ABBA5BE892}.Debug|x64.Build.0 = Debug|x64
		{8932F030-917A-462D-B9AA-E2ABBA5BE892}.Debug|x86.ActiveCfg = Debug|x86
		{8932F030-917A-462D-B9AA-E2ABBA5BE892}.Debug|x86.Build.0 = Debug|x86
		{8932F030-917A-462D-B9AA-E2ABBA5BE892}.Release|Any CPU.ActiveCfg = Release|Any CPU
		{8932F030-917A-462D-B9AA-E2ABBA5BE892}.Release|Any CPU.Build.0 = Release|Any CPU
		{8932F030-917A-462D-B9AA-E2ABBA5BE892}.Release|ARM.ActiveCfg = Release|ARM
		{8932F030-917A-462D-B9AA-E2ABBA5BE892}.Release|ARM.Build.0 = Release|ARM
		{8932F030-917A-462D-B9AA-E2ABBA5BE892}.Release|x64.ActiveCfg = Release|x64
		{8932F030-917A-462D-B9AA-E2ABBA5BE892}.Release|x64.Build.0 = Release|x64
		{8932F030-917A-462D-B9AA-E2ABBA5BE892}.Release|x86.ActiveCfg = Release|x86
		{8932F030-917A-462D-B9AA-E2ABBA5BE892}.Release|x86.Build.0 = Release|x86
		{5DAAB447-21F3-4468-B89F-72606A9AF166}.Debug|Any CPU.ActiveCfg = Debug|Any CPU
		{5DAAB447-21F3-4468-B89F-72606A9AF166}.Debug|Any CPU.Build.0 = Debug|Any CPU
		{5DAAB447-21F3-4468-B89F-72606A9AF166}.Debug|ARM.ActiveCfg = Debug|ARM
		{5DAAB447-21F3-4468-B89F-72606A9AF166}.Debug|ARM.Build.0 = Debug|ARM
		{5DAAB447-21F3-4468-B89F-72606A9AF166}.Debug|x64.ActiveCfg = Debug|x64
		{5DAAB447-21F3-4468-B89F-72606A9AF166}.Debug|x64.Build.0 = Debug|x64
		{5DAAB447-21F3-4468-B89F-72606A9AF166}.Debug|x86.ActiveCfg = Debug|x86
		{5DAAB447-21F3-4468-B89F-72606A9AF166}.Debug|x86.Build.0 = Debug|x86
		{5DAAB447-21F3-4468-B89F-72606A9AF166}.Release|Any CPU.ActiveCfg = Release|Any CPU
		{5DAAB447-21F3-4468-B89F-72606A9AF166}.Release|Any CPU.Build.0 = Release|Any CPU
		{5DAAB447-21F3-4468-B89F-72606A9AF166}.Release|ARM.ActiveCfg = Release|ARM
		{5DAAB447-21F3-4468-B89F-72606A9AF166}.Release|ARM.Build.0 = Release|ARM
		{5DAAB447-21F3-4468-B89F-72606A9AF166}.Release|x64.ActiveCfg = Release|x64
		{5DAAB447-21F3-4468-B89F-72606A9AF166}.Release|x64.Build.0 = Release|x64
		{5DAAB447-21F3-4468-B89F-72606A9AF166}.Release|x86.ActiveCfg = Release|x86
		{5DAAB447-21F3-4468-B89F-72606A9AF166}.Release|x86.Build.0 = Release|x86
		{31AFA455-CA0A-4183-AAEC-EB74C01DE200}.Debug|Any CPU.ActiveCfg = Debug|x86
		{31AFA455-CA0A-4183-AAEC-EB74C01DE200}.Debug|ARM.ActiveCfg = Debug|ARM
		{31AFA455-CA0A-4183-AAEC-EB74C01DE200}.Debug|ARM.Build.0 = Debug|ARM
		{31AFA455-CA0A-4183-AAEC-EB74C01DE200}.Debug|ARM.Deploy.0 = Debug|ARM
		{31AFA455-CA0A-4183-AAEC-EB74C01DE200}.Debug|x64.ActiveCfg = Debug|x64
		{31AFA455-CA0A-4183-AAEC-EB74C01DE200}.Debug|x64.Build.0 = Debug|x64
		{31AFA455-CA0A-4183-AAEC-EB74C01DE200}.Debug|x64.Deploy.0 = Debug|x64
		{31AFA455-CA0A-4183-AAEC-EB74C01DE200}.Debug|x86.ActiveCfg = Debug|x86
		{31AFA455-CA0A-4183-AAEC-EB74C01DE200}.Debug|x86.Build.0 = Debug|x86
		{31AFA455-CA0A-4183-AAEC-EB74C01DE200}.Debug|x86.Deploy.0 = Debug|x86
		{31AFA455-CA0A-4183-AAEC-EB74C01DE200}.Release|Any CPU.ActiveCfg = Release|x86
		{31AFA455-CA0A-4183-AAEC-EB74C01DE200}.Release|ARM.ActiveCfg = Release|ARM
		{31AFA455-CA0A-4183-AAEC-EB74C01DE200}.Release|ARM.Build.0 = Release|ARM
		{31AFA455-CA0A-4183-AAEC-EB74C01DE200}.Release|ARM.Deploy.0 = Release|ARM
		{31AFA455-CA0A-4183-AAEC-EB74C01DE200}.Release|x64.ActiveCfg = Release|x64
		{31AFA455-CA0A-4183-AAEC-EB74C01DE200}.Release|x64.Build.0 = Release|x64
		{31AFA455-CA0A-4183-AAEC-EB74C01DE200}.Release|x64.Deploy.0 = Release|x64
		{31AFA455-CA0A-4183-AAEC-EB74C01DE200}.Release|x86.ActiveCfg = Release|x86
		{31AFA455-CA0A-4183-AAEC-EB74C01DE200}.Release|x86.Build.0 = Release|x86
		{31AFA455-CA0A-4183-AAEC-EB74C01DE200}.Release|x86.Deploy.0 = Release|x86
	EndGlobalSection
	GlobalSection(SolutionProperties) = preSolution
		HideSolutionNode = FALSE
	EndGlobalSection
	GlobalSection(NestedProjects) = preSolution
		{62D7A5D8-0866-4199-8763-EF81096F4A71} = {A9F45F7F-545C-46C1-A9BF-9323883F351B}
		{B9A32628-D7B6-4BDA-AFE6-47E4AC5AF95A} = {A9F45F7F-545C-46C1-A9BF-9323883F351B}
		{0EBE938F-22AE-416C-94E6-B989DA79045D} = {5D8E7F35-1398-4BC0-905C-B8C973386FDF}
		{66280A62-2409-4222-97A5-54DA49F9142F} = {A9F45F7F-545C-46C1-A9BF-9323883F351B}
		{78FBF320-EBBD-40A9-8F16-B45BFFF73AF1} = {A9F45F7F-545C-46C1-A9BF-9323883F351B}
		{59F08002-21BA-4913-A6CD-697C982BE20E} = {A9F45F7F-545C-46C1-A9BF-9323883F351B}
		{1AF1FA9E-1BDB-41CB-9CCC-08A5BC5033E7} = {A9F45F7F-545C-46C1-A9BF-9323883F351B}
		{2B270150-995D-40E7-A201-EF542CF8B39D} = {A9F45F7F-545C-46C1-A9BF-9323883F351B}
		{7B5FF96B-051A-41BB-9A95-FF08AC1AA88C} = {44A03434-27F5-4D8F-A8E2-D7A0C4A27E2B}
		{357B09C0-3CF7-4B1B-A245-3DF0B6337EF7} = {A9F45F7F-545C-46C1-A9BF-9323883F351B}
		{89829E34-005C-462D-8969-041FBA3AACF0} = {44A03434-27F5-4D8F-A8E2-D7A0C4A27E2B}
		{8932F030-917A-462D-B9AA-E2ABBA5BE892} = {44A03434-27F5-4D8F-A8E2-D7A0C4A27E2B}
		{5DAAB447-21F3-4468-B89F-72606A9AF166} = {A9F45F7F-545C-46C1-A9BF-9323883F351B}
		{31AFA455-CA0A-4183-AAEC-EB74C01DE200} = {5D8E7F35-1398-4BC0-905C-B8C973386FDF}
	EndGlobalSection
EndGlobal
