
Microsoft Visual Studio Solution File, Format Version 12.00
# Visual Studio 15
VisualStudioVersion = 15.0.26430.6
MinimumVisualStudioVersion = 10.0.40219.1
Project("{FAE04EC0-301F-11D3-BF4B-00C04F79EFBC}") = "Imageboard10", "Imageboard10\Imageboard10.csproj", "{E0A101CC-81B3-40FE-A753-A914F3692D4A}"
EndProject
Project("{2150E333-8FDC-42A3-9474-1A3956D46DE8}") = "Core", "Core", "{A9F45F7F-545C-46C1-A9BF-9323883F351B}"
EndProject
Project("{FAE04EC0-301F-11D3-BF4B-00C04F79EFBC}") = "Imageboard10.ModuleInterface", "Imageboard10.ModuleInterface\Imageboard10.ModuleInterface.csproj", "{62D7A5D8-0866-4199-8763-EF81096F4A71}"
EndProject
Project("{FAE04EC0-301F-11D3-BF4B-00C04F79EFBC}") = "Imageboard10.Core", "Imageboard10.Core\Imageboard10.Core.csproj", "{B9A32628-D7B6-4BDA-AFE6-47E4AC5AF95A}"
EndProject
Project("{2150E333-8FDC-42A3-9474-1A3956D46DE8}") = "Tests", "Tests", "{5D8E7F35-1398-4BC0-905C-B8C973386FDF}"
EndProject
Project("{FAE04EC0-301F-11D3-BF4B-00C04F79EFBC}") = "Imageboard10UnitTests", "Imageboard10UnitTests\Imageboard10UnitTests.csproj", "{0EBE938F-22AE-416C-94E6-B989DA79045D}"
EndProject
Global
	GlobalSection(SolutionConfigurationPlatforms) = preSolution
		Debug|Any CPU = Debug|Any CPU
		Debug|ARM = Debug|ARM
		Debug|x64 = Debug|x64
		Debug|x86 = Debug|x86
		Release|Any CPU = Release|Any CPU
		Release|ARM = Release|ARM
		Release|x64 = Release|x64
		Release|x86 = Release|x86
	EndGlobalSection
	GlobalSection(ProjectConfigurationPlatforms) = postSolution
		{E0A101CC-81B3-40FE-A753-A914F3692D4A}.Debug|Any CPU.ActiveCfg = Debug|x86
		{E0A101CC-81B3-40FE-A753-A914F3692D4A}.Debug|ARM.ActiveCfg = Debug|ARM
		{E0A101CC-81B3-40FE-A753-A914F3692D4A}.Debug|ARM.Build.0 = Debug|ARM
		{E0A101CC-81B3-40FE-A753-A914F3692D4A}.Debug|ARM.Deploy.0 = Debug|ARM
		{E0A101CC-81B3-40FE-A753-A914F3692D4A}.Debug|x64.ActiveCfg = Debug|x64
		{E0A101CC-81B3-40FE-A753-A914F3692D4A}.Debug|x64.Build.0 = Debug|x64
		{E0A101CC-81B3-40FE-A753-A914F3692D4A}.Debug|x64.Deploy.0 = Debug|x64
		{E0A101CC-81B3-40FE-A753-A914F3692D4A}.Debug|x86.ActiveCfg = Debug|x86
		{E0A101CC-81B3-40FE-A753-A914F3692D4A}.Debug|x86.Build.0 = Debug|x86
		{E0A101CC-81B3-40FE-A753-A914F3692D4A}.Debug|x86.Deploy.0 = Debug|x86
		{E0A101CC-81B3-40FE-A753-A914F3692D4A}.Release|Any CPU.ActiveCfg = Release|x86
		{E0A101CC-81B3-40FE-A753-A914F3692D4A}.Release|ARM.ActiveCfg = Release|ARM
		{E0A101CC-81B3-40FE-A753-A914F3692D4A}.Release|ARM.Build.0 = Release|ARM
		{E0A101CC-81B3-40FE-A753-A914F3692D4A}.Release|ARM.Deploy.0 = Release|ARM
		{E0A101CC-81B3-40FE-A753-A914F3692D4A}.Release|x64.ActiveCfg = Release|x64
		{E0A101CC-81B3-40FE-A753-A914F3692D4A}.Release|x64.Build.0 = Release|x64
		{E0A101CC-81B3-40FE-A753-A914F3692D4A}.Release|x64.Deploy.0 = Release|x64
		{E0A101CC-81B3-40FE-A753-A914F3692D4A}.Release|x86.ActiveCfg = Release|x86
		{E0A101CC-81B3-40FE-A753-A914F3692D4A}.Release|x86.Build.0 = Release|x86
		{E0A101CC-81B3-40FE-A753-A914F3692D4A}.Release|x86.Deploy.0 = Release|x86
		{62D7A5D8-0866-4199-8763-EF81096F4A71}.Debug|Any CPU.ActiveCfg = Debug|Any CPU
		{62D7A5D8-0866-4199-8763-EF81096F4A71}.Debug|Any CPU.Build.0 = Debug|Any CPU
		{62D7A5D8-0866-4199-8763-EF81096F4A71}.Debug|ARM.ActiveCfg = Debug|ARM
		{62D7A5D8-0866-4199-8763-EF81096F4A71}.Debug|ARM.Build.0 = Debug|ARM
		{62D7A5D8-0866-4199-8763-EF81096F4A71}.Debug|x64.ActiveCfg = Debug|x64
		{62D7A5D8-0866-4199-8763-EF81096F4A71}.Debug|x64.Build.0 = Debug|x64
		{62D7A5D8-0866-4199-8763-EF81096F4A71}.Debug|x86.ActiveCfg = Debug|x86
		{62D7A5D8-0866-4199-8763-EF81096F4A71}.Debug|x86.Build.0 = Debug|x86
		{62D7A5D8-0866-4199-8763-EF81096F4A71}.Release|Any CPU.ActiveCfg = Release|Any CPU
		{62D7A5D8-0866-4199-8763-EF81096F4A71}.Release|Any CPU.Build.0 = Release|Any CPU
		{62D7A5D8-0866-4199-8763-EF81096F4A71}.Release|ARM.ActiveCfg = Release|ARM
		{62D7A5D8-0866-4199-8763-EF81096F4A71}.Release|ARM.Build.0 = Release|ARM
		{62D7A5D8-0866-4199-8763-EF81096F4A71}.Release|x64.ActiveCfg = Release|x64
		{62D7A5D8-0866-4199-8763-EF81096F4A71}.Release|x64.Build.0 = Release|x64
		{62D7A5D8-0866-4199-8763-EF81096F4A71}.Release|x86.ActiveCfg = Release|x86
		{62D7A5D8-0866-4199-8763-EF81096F4A71}.Release|x86.Build.0 = Release|x86
		{B9A32628-D7B6-4BDA-AFE6-47E4AC5AF95A}.Debug|Any CPU.ActiveCfg = Debug|Any CPU
		{B9A32628-D7B6-4BDA-AFE6-47E4AC5AF95A}.Debug|Any CPU.Build.0 = Debug|Any CPU
		{B9A32628-D7B6-4BDA-AFE6-47E4AC5AF95A}.Debug|ARM.ActiveCfg = Debug|ARM
		{B9A32628-D7B6-4BDA-AFE6-47E4AC5AF95A}.Debug|ARM.Build.0 = Debug|ARM
		{B9A32628-D7B6-4BDA-AFE6-47E4AC5AF95A}.Debug|x64.ActiveCfg = Debug|x64
		{B9A32628-D7B6-4BDA-AFE6-47E4AC5AF95A}.Debug|x64.Build.0 = Debug|x64
		{B9A32628-D7B6-4BDA-AFE6-47E4AC5AF95A}.Debug|x86.ActiveCfg = Debug|x86
		{B9A32628-D7B6-4BDA-AFE6-47E4AC5AF95A}.Debug|x86.Build.0 = Debug|x86
		{B9A32628-D7B6-4BDA-AFE6-47E4AC5AF95A}.Release|Any CPU.ActiveCfg = Release|Any CPU
		{B9A32628-D7B6-4BDA-AFE6-47E4AC5AF95A}.Release|Any CPU.Build.0 = Release|Any CPU
		{B9A32628-D7B6-4BDA-AFE6-47E4AC5AF95A}.Release|ARM.ActiveCfg = Release|ARM
		{B9A32628-D7B6-4BDA-AFE6-47E4AC5AF95A}.Release|ARM.Build.0 = Release|ARM
		{B9A32628-D7B6-4BDA-AFE6-47E4AC5AF95A}.Release|x64.ActiveCfg = Release|x64
		{B9A32628-D7B6-4BDA-AFE6-47E4AC5AF95A}.Release|x64.Build.0 = Release|x64
		{B9A32628-D7B6-4BDA-AFE6-47E4AC5AF95A}.Release|x86.ActiveCfg = Release|x86
		{B9A32628-D7B6-4BDA-AFE6-47E4AC5AF95A}.Release|x86.Build.0 = Release|x86
		{0EBE938F-22AE-416C-94E6-B989DA79045D}.Debug|Any CPU.ActiveCfg = Debug|x86
		{0EBE938F-22AE-416C-94E6-B989DA79045D}.Debug|ARM.ActiveCfg = Debug|ARM
		{0EBE938F-22AE-416C-94E6-B989DA79045D}.Debug|ARM.Build.0 = Debug|ARM
		{0EBE938F-22AE-416C-94E6-B989DA79045D}.Debug|ARM.Deploy.0 = Debug|ARM
		{0EBE938F-22AE-416C-94E6-B989DA79045D}.Debug|x64.ActiveCfg = Debug|x64
		{0EBE938F-22AE-416C-94E6-B989DA79045D}.Debug|x64.Build.0 = Debug|x64
		{0EBE938F-22AE-416C-94E6-B989DA79045D}.Debug|x64.Deploy.0 = Debug|x64
		{0EBE938F-22AE-416C-94E6-B989DA79045D}.Debug|x86.ActiveCfg = Debug|x86
		{0EBE938F-22AE-416C-94E6-B989DA79045D}.Debug|x86.Build.0 = Debug|x86
		{0EBE938F-22AE-416C-94E6-B989DA79045D}.Debug|x86.Deploy.0 = Debug|x86
		{0EBE938F-22AE-416C-94E6-B989DA79045D}.Release|Any CPU.ActiveCfg = Release|x86
		{0EBE938F-22AE-416C-94E6-B989DA79045D}.Release|ARM.ActiveCfg = Release|ARM
		{0EBE938F-22AE-416C-94E6-B989DA79045D}.Release|ARM.Build.0 = Release|ARM
		{0EBE938F-22AE-416C-94E6-B989DA79045D}.Release|ARM.Deploy.0 = Release|ARM
		{0EBE938F-22AE-416C-94E6-B989DA79045D}.Release|x64.ActiveCfg = Release|x64
		{0EBE938F-22AE-416C-94E6-B989DA79045D}.Release|x64.Build.0 = Release|x64
		{0EBE938F-22AE-416C-94E6-B989DA79045D}.Release|x64.Deploy.0 = Release|x64
		{0EBE938F-22AE-416C-94E6-B989DA79045D}.Release|x86.ActiveCfg = Release|x86
		{0EBE938F-22AE-416C-94E6-B989DA79045D}.Release|x86.Build.0 = Release|x86
		{0EBE938F-22AE-416C-94E6-B989DA79045D}.Release|x86.Deploy.0 = Release|x86
	EndGlobalSection
	GlobalSection(SolutionProperties) = preSolution
		HideSolutionNode = FALSE
	EndGlobalSection
	GlobalSection(NestedProjects) = preSolution
		{62D7A5D8-0866-4199-8763-EF81096F4A71} = {A9F45F7F-545C-46C1-A9BF-9323883F351B}
		{B9A32628-D7B6-4BDA-AFE6-47E4AC5AF95A} = {A9F45F7F-545C-46C1-A9BF-9323883F351B}
		{0EBE938F-22AE-416C-94E6-B989DA79045D} = {5D8E7F35-1398-4BC0-905C-B8C973386FDF}
	EndGlobalSection
EndGlobal
